
Microsoft Visual Studio Solution File, Format Version 12.00
# Visual Studio Version 17
VisualStudioVersion = 17.5.002.0
MinimumVisualStudioVersion = 10.0.40219.1
Project("{2150E333-8FDC-42A3-9474-1A3956D46DE8}") = "csharp-prep", "csharp-prep", "{DA273F0F-A18D-4917-95C0-8111BC3C1889}"
EndProject
Project("{9A19103F-16F7-4668-BE54-9A1E7A4F7556}") = "Prep1", "csharp-prep\Prep1\Prep1.csproj", "{D8F74C9D-23CC-4B0F-B41A-426A2C0DE193}"
EndProject
Project("{9A19103F-16F7-4668-BE54-9A1E7A4F7556}") = "Prep2", "csharp-prep\Prep2\Prep2.csproj", "{26628CC2-5D68-4D94-B1A3-0B54DD1BBF67}"
EndProject
Project("{9A19103F-16F7-4668-BE54-9A1E7A4F7556}") = "Prep3", "csharp-prep\Prep3\Prep3.csproj", "{8A886F29-0049-4B4A-A169-41C3FE5C176C}"
EndProject
Project("{9A19103F-16F7-4668-BE54-9A1E7A4F7556}") = "Prep4", "csharp-prep\Prep4\Prep4.csproj", "{7F533F9E-2EAE-4551-950D-ABF31EAF84F0}"
EndProject
Project("{9A19103F-16F7-4668-BE54-9A1E7A4F7556}") = "Prep5", "csharp-prep\Prep5\Prep5.csproj", "{F4E44FF8-974C-485F-A8DE-3D544DA408D3}"
EndProject
Project("{2150E333-8FDC-42A3-9474-1A3956D46DE8}") = "final", "final", "{3964C055-F0E4-4872-96C5-AF7D28D99AB1}"
EndProject
Project("{9A19103F-16F7-4668-BE54-9A1E7A4F7556}") = "FinalProject", "final\FinalProject\FinalProject.csproj", "{F3C35C86-8642-470F-A9C1-9225A0799BB2}"
EndProject
Project("{9A19103F-16F7-4668-BE54-9A1E7A4F7556}") = "Foundation1", "final\Foundation1\Foundation1.csproj", "{02F5FCB9-3874-4C0E-86AB-61DE212EA7ED}"
EndProject
Project("{9A19103F-16F7-4668-BE54-9A1E7A4F7556}") = "Foundation2", "final\Foundation2\Foundation2.csproj", "{9FD85DA3-6F9B-4CE4-8863-9336367FD2D0}"
EndProject
Project("{9A19103F-16F7-4668-BE54-9A1E7A4F7556}") = "Foundation3", "final\Foundation3\Foundation3.csproj", "{0AB2163D-4426-4788-922E-F563222F8163}"
EndProject
Project("{9A19103F-16F7-4668-BE54-9A1E7A4F7556}") = "Foundation4", "final\Foundation4\Foundation4.csproj", "{91BA86BE-6C67-41D8-B71E-61DE52BD6425}"
EndProject
Project("{2150E333-8FDC-42A3-9474-1A3956D46DE8}") = "prepare", "prepare", "{BC4057F7-A562-4FCF-9AE3-9AE213EAA53A}"
EndProject
Project("{9A19103F-16F7-4668-BE54-9A1E7A4F7556}") = "Learning02", "prepare\Learning02\Learning02.csproj", "{FA64E801-97C2-40A7-BAAF-3C05A934EA72}"
EndProject
Project("{9A19103F-16F7-4668-BE54-9A1E7A4F7556}") = "Learning03", "prepare\Learning03\Learning03.csproj", "{B181A492-FA93-48F7-BB7C-19538DA7A113}"
EndProject
Project("{9A19103F-16F7-4668-BE54-9A1E7A4F7556}") = "Learning04", "prepare\Learning04\Learning04.csproj", "{84204C5C-8771-46D4-9761-6472B732EEA6}"
EndProject
Project("{9A19103F-16F7-4668-BE54-9A1E7A4F7556}") = "Learning05", "prepare\Learning05\Learning05.csproj", "{94FC5D45-E7EB-4EEA-A0BB-783DB2CE812F}"
EndProject
Project("{2150E333-8FDC-42A3-9474-1A3956D46DE8}") = "prove", "prove", "{8C13D80B-DE64-4018-BD54-D0A5FF215293}"
EndProject
Project("{9A19103F-16F7-4668-BE54-9A1E7A4F7556}") = "Develop02", "prove\Develop02\Develop02.csproj", "{6B86B248-E11C-4F60-AF04-5985F0BC99C2}"
EndProject
Project("{9A19103F-16F7-4668-BE54-9A1E7A4F7556}") = "Develop03", "prove\Develop03\Develop03.csproj", "{BECE93B0-A5C4-431A-B560-8B3D8B3FB2C6}"
EndProject
Project("{9A19103F-16F7-4668-BE54-9A1E7A4F7556}") = "Develop04", "prove\Develop04\Develop04.csproj", "{A0E5DD87-0285-4DE9-B0E6-2B52B9E6CC13}"
EndProject
Project("{9A19103F-16F7-4668-BE54-9A1E7A4F7556}") = "Develop05", "prove\Develop05\Develop05.csproj", "{052A7CF9-A497-4C16-B888-8E8B3605D1C9}"
EndProject
Project("{2150E333-8FDC-42A3-9474-1A3956D46DE8}") = "sandbox", "sandbox", "{DD1AB576-2D30-44DC-8318-7864FB52EA75}"
EndProject
Project("{9A19103F-16F7-4668-BE54-9A1E7A4F7556}") = "Sandbox", "sandbox\Sandbox\Sandbox.csproj", "{0DB7B195-D7AF-42E0-92A1-E974581A2CFA}"
EndProject
Global
	GlobalSection(SolutionConfigurationPlatforms) = preSolution
		Debug|Any CPU = Debug|Any CPU
		Release|Any CPU = Release|Any CPU
	EndGlobalSection
	GlobalSection(ProjectConfigurationPlatforms) = postSolution
		{D8F74C9D-23CC-4B0F-B41A-426A2C0DE193}.Debug|Any CPU.ActiveCfg = Debug|Any CPU
		{D8F74C9D-23CC-4B0F-B41A-426A2C0DE193}.Debug|Any CPU.Build.0 = Debug|Any CPU
		{D8F74C9D-23CC-4B0F-B41A-426A2C0DE193}.Release|Any CPU.ActiveCfg = Release|Any CPU
		{D8F74C9D-23CC-4B0F-B41A-426A2C0DE193}.Release|Any CPU.Build.0 = Release|Any CPU
		{26628CC2-5D68-4D94-B1A3-0B54DD1BBF67}.Debug|Any CPU.ActiveCfg = Debug|Any CPU
		{26628CC2-5D68-4D94-B1A3-0B54DD1BBF67}.Debug|Any CPU.Build.0 = Debug|Any CPU
		{26628CC2-5D68-4D94-B1A3-0B54DD1BBF67}.Release|Any CPU.ActiveCfg = Release|Any CPU
		{26628CC2-5D68-4D94-B1A3-0B54DD1BBF67}.Release|Any CPU.Build.0 = Release|Any CPU
		{8A886F29-0049-4B4A-A169-41C3FE5C176C}.Debug|Any CPU.ActiveCfg = Debug|Any CPU
		{8A886F29-0049-4B4A-A169-41C3FE5C176C}.Debug|Any CPU.Build.0 = Debug|Any CPU
		{8A886F29-0049-4B4A-A169-41C3FE5C176C}.Release|Any CPU.ActiveCfg = Release|Any CPU
		{8A886F29-0049-4B4A-A169-41C3FE5C176C}.Release|Any CPU.Build.0 = Release|Any CPU
		{7F533F9E-2EAE-4551-950D-ABF31EAF84F0}.Debug|Any CPU.ActiveCfg = Debug|Any CPU
		{7F533F9E-2EAE-4551-950D-ABF31EAF84F0}.Debug|Any CPU.Build.0 = Debug|Any CPU
		{7F533F9E-2EAE-4551-950D-ABF31EAF84F0}.Release|Any CPU.ActiveCfg = Release|Any CPU
		{7F533F9E-2EAE-4551-950D-ABF31EAF84F0}.Release|Any CPU.Build.0 = Release|Any CPU
		{F4E44FF8-974C-485F-A8DE-3D544DA408D3}.Debug|Any CPU.ActiveCfg = Debug|Any CPU
		{F4E44FF8-974C-485F-A8DE-3D544DA408D3}.Debug|Any CPU.Build.0 = Debug|Any CPU
		{F4E44FF8-974C-485F-A8DE-3D544DA408D3}.Release|Any CPU.ActiveCfg = Release|Any CPU
		{F4E44FF8-974C-485F-A8DE-3D544DA408D3}.Release|Any CPU.Build.0 = Release|Any CPU
		{F3C35C86-8642-470F-A9C1-9225A0799BB2}.Debug|Any CPU.ActiveCfg = Debug|Any CPU
		{F3C35C86-8642-470F-A9C1-9225A0799BB2}.Debug|Any CPU.Build.0 = Debug|Any CPU
		{F3C35C86-8642-470F-A9C1-9225A0799BB2}.Release|Any CPU.ActiveCfg = Release|Any CPU
		{F3C35C86-8642-470F-A9C1-9225A0799BB2}.Release|Any CPU.Build.0 = Release|Any CPU
		{02F5FCB9-3874-4C0E-86AB-61DE212EA7ED}.Debug|Any CPU.ActiveCfg = Debug|Any CPU
		{02F5FCB9-3874-4C0E-86AB-61DE212EA7ED}.Debug|Any CPU.Build.0 = Debug|Any CPU
		{02F5FCB9-3874-4C0E-86AB-61DE212EA7ED}.Release|Any CPU.ActiveCfg = Release|Any CPU
		{02F5FCB9-3874-4C0E-86AB-61DE212EA7ED}.Release|Any CPU.Build.0 = Release|Any CPU
		{9FD85DA3-6F9B-4CE4-8863-9336367FD2D0}.Debug|Any CPU.ActiveCfg = Debug|Any CPU
		{9FD85DA3-6F9B-4CE4-8863-9336367FD2D0}.Debug|Any CPU.Build.0 = Debug|Any CPU
		{9FD85DA3-6F9B-4CE4-8863-9336367FD2D0}.Release|Any CPU.ActiveCfg = Release|Any CPU
		{9FD85DA3-6F9B-4CE4-8863-9336367FD2D0}.Release|Any CPU.Build.0 = Release|Any CPU
		{0AB2163D-4426-4788-922E-F563222F8163}.Debug|Any CPU.ActiveCfg = Debug|Any CPU
		{0AB2163D-4426-4788-922E-F563222F8163}.Debug|Any CPU.Build.0 = Debug|Any CPU
		{0AB2163D-4426-4788-922E-F563222F8163}.Release|Any CPU.ActiveCfg = Release|Any CPU
		{0AB2163D-4426-4788-922E-F563222F8163}.Release|Any CPU.Build.0 = Release|Any CPU
		{91BA86BE-6C67-41D8-B71E-61DE52BD6425}.Debug|Any CPU.ActiveCfg = Debug|Any CPU
		{91BA86BE-6C67-41D8-B71E-61DE52BD6425}.Debug|Any CPU.Build.0 = Debug|Any CPU
		{91BA86BE-6C67-41D8-B71E-61DE52BD6425}.Release|Any CPU.ActiveCfg = Release|Any CPU
		{91BA86BE-6C67-41D8-B71E-61DE52BD6425}.Release|Any CPU.Build.0 = Release|Any CPU
		{FA64E801-97C2-40A7-BAAF-3C05A934EA72}.Debug|Any CPU.ActiveCfg = Debug|Any CPU
		{FA64E801-97C2-40A7-BAAF-3C05A934EA72}.Debug|Any CPU.Build.0 = Debug|Any CPU
		{FA64E801-97C2-40A7-BAAF-3C05A934EA72}.Release|Any CPU.ActiveCfg = Release|Any CPU
		{FA64E801-97C2-40A7-BAAF-3C05A934EA72}.Release|Any CPU.Build.0 = Release|Any CPU
		{B181A492-FA93-48F7-BB7C-19538DA7A113}.Debug|Any CPU.ActiveCfg = Debug|Any CPU
		{B181A492-FA93-48F7-BB7C-19538DA7A113}.Debug|Any CPU.Build.0 = Debug|Any CPU
		{B181A492-FA93-48F7-BB7C-19538DA7A113}.Release|Any CPU.ActiveCfg = Release|Any CPU
		{B181A492-FA93-48F7-BB7C-19538DA7A113}.Release|Any CPU.Build.0 = Release|Any CPU
		{84204C5C-8771-46D4-9761-6472B732EEA6}.Debug|Any CPU.ActiveCfg = Debug|Any CPU
		{84204C5C-8771-46D4-9761-6472B732EEA6}.Debug|Any CPU.Build.0 = Debug|Any CPU
		{84204C5C-8771-46D4-9761-6472B732EEA6}.Release|Any CPU.ActiveCfg = Release|Any CPU
		{84204C5C-8771-46D4-9761-6472B732EEA6}.Release|Any CPU.Build.0 = Release|Any CPU
		{94FC5D45-E7EB-4EEA-A0BB-783DB2CE812F}.Debug|Any CPU.ActiveCfg = Debug|Any CPU
		{94FC5D45-E7EB-4EEA-A0BB-783DB2CE812F}.Debug|Any CPU.Build.0 = Debug|Any CPU
		{94FC5D45-E7EB-4EEA-A0BB-783DB2CE812F}.Release|Any CPU.ActiveCfg = Release|Any CPU
		{94FC5D45-E7EB-4EEA-A0BB-783DB2CE812F}.Release|Any CPU.Build.0 = Release|Any CPU
		{6B86B248-E11C-4F60-AF04-5985F0BC99C2}.Debug|Any CPU.ActiveCfg = Debug|Any CPU
		{6B86B248-E11C-4F60-AF04-5985F0BC99C2}.Debug|Any CPU.Build.0 = Debug|Any CPU
		{6B86B248-E11C-4F60-AF04-5985F0BC99C2}.Release|Any CPU.ActiveCfg = Release|Any CPU
		{6B86B248-E11C-4F60-AF04-5985F0BC99C2}.Release|Any CPU.Build.0 = Release|Any CPU
		{BECE93B0-A5C4-431A-B560-8B3D8B3FB2C6}.Debug|Any CPU.ActiveCfg = Debug|Any CPU
		{BECE93B0-A5C4-431A-B560-8B3D8B3FB2C6}.Debug|Any CPU.Build.0 = Debug|Any CPU
		{BECE93B0-A5C4-431A-B560-8B3D8B3FB2C6}.Release|Any CPU.ActiveCfg = Release|Any CPU
		{BECE93B0-A5C4-431A-B560-8B3D8B3FB2C6}.Release|Any CPU.Build.0 = Release|Any CPU
		{A0E5DD87-0285-4DE9-B0E6-2B52B9E6CC13}.Debug|Any CPU.ActiveCfg = Debug|Any CPU
		{A0E5DD87-0285-4DE9-B0E6-2B52B9E6CC13}.Debug|Any CPU.Build.0 = Debug|Any CPU
		{A0E5DD87-0285-4DE9-B0E6-2B52B9E6CC13}.Release|Any CPU.ActiveCfg = Release|Any CPU
		{A0E5DD87-0285-4DE9-B0E6-2B52B9E6CC13}.Release|Any CPU.Build.0 = Release|Any CPU
		{052A7CF9-A497-4C16-B888-8E8B3605D1C9}.Debug|Any CPU.ActiveCfg = Debug|Any CPU
		{052A7CF9-A497-4C16-B888-8E8B3605D1C9}.Debug|Any CPU.Build.0 = Debug|Any CPU
		{052A7CF9-A497-4C16-B888-8E8B3605D1C9}.Release|Any CPU.ActiveCfg = Release|Any CPU
		{052A7CF9-A497-4C16-B888-8E8B3605D1C9}.Release|Any CPU.Build.0 = Release|Any CPU
		{0DB7B195-D7AF-42E0-92A1-E974581A2CFA}.Debug|Any CPU.ActiveCfg = Debug|Any CPU
		{0DB7B195-D7AF-42E0-92A1-E974581A2CFA}.Debug|Any CPU.Build.0 = Debug|Any CPU
		{0DB7B195-D7AF-42E0-92A1-E974581A2CFA}.Release|Any CPU.ActiveCfg = Release|Any CPU
		{0DB7B195-D7AF-42E0-92A1-E974581A2CFA}.Release|Any CPU.Build.0 = Release|Any CPU
	EndGlobalSection
	GlobalSection(SolutionProperties) = preSolution
		HideSolutionNode = FALSE
	EndGlobalSection
	GlobalSection(NestedProjects) = preSolution
		{D8F74C9D-23CC-4B0F-B41A-426A2C0DE193} = {DA273F0F-A18D-4917-95C0-8111BC3C1889}
		{26628CC2-5D68-4D94-B1A3-0B54DD1BBF67} = {DA273F0F-A18D-4917-95C0-8111BC3C1889}
		{8A886F29-0049-4B4A-A169-41C3FE5C176C} = {DA273F0F-A18D-4917-95C0-8111BC3C1889}
		{7F533F9E-2EAE-4551-950D-ABF31EAF84F0} = {DA273F0F-A18D-4917-95C0-8111BC3C1889}
		{F4E44FF8-974C-485F-A8DE-3D544DA408D3} = {DA273F0F-A18D-4917-95C0-8111BC3C1889}
		{F3C35C86-8642-470F-A9C1-9225A0799BB2} = {3964C055-F0E4-4872-96C5-AF7D28D99AB1}
		{02F5FCB9-3874-4C0E-86AB-61DE212EA7ED} = {3964C055-F0E4-4872-96C5-AF7D28D99AB1}
		{9FD85DA3-6F9B-4CE4-8863-9336367FD2D0} = {3964C055-F0E4-4872-96C5-AF7D28D99AB1}
		{0AB2163D-4426-4788-922E-F563222F8163} = {3964C055-F0E4-4872-96C5-AF7D28D99AB1}
		{91BA86BE-6C67-41D8-B71E-61DE52BD6425} = {3964C055-F0E4-4872-96C5-AF7D28D99AB1}
		{FA64E801-97C2-40A7-BAAF-3C05A934EA72} = {BC4057F7-A562-4FCF-9AE3-9AE213EAA53A}
		{B181A492-FA93-48F7-BB7C-19538DA7A113} = {BC4057F7-A562-4FCF-9AE3-9AE213EAA53A}
		{84204C5C-8771-46D4-9761-6472B732EEA6} = {BC4057F7-A562-4FCF-9AE3-9AE213EAA53A}
		{94FC5D45-E7EB-4EEA-A0BB-783DB2CE812F} = {BC4057F7-A562-4FCF-9AE3-9AE213EAA53A}
		{6B86B248-E11C-4F60-AF04-5985F0BC99C2} = {8C13D80B-DE64-4018-BD54-D0A5FF215293}
		{BECE93B0-A5C4-431A-B560-8B3D8B3FB2C6} = {8C13D80B-DE64-4018-BD54-D0A5FF215293}
		{A0E5DD87-0285-4DE9-B0E6-2B52B9E6CC13} = {8C13D80B-DE64-4018-BD54-D0A5FF215293}
		{052A7CF9-A497-4C16-B888-8E8B3605D1C9} = {8C13D80B-DE64-4018-BD54-D0A5FF215293}
		{0DB7B195-D7AF-42E0-92A1-E974581A2CFA} = {DD1AB576-2D30-44DC-8318-7864FB52EA75}
	EndGlobalSection
	GlobalSection(ExtensibilityGlobals) = postSolution
		SolutionGuid = {896C122F-F6E4-42E2-9997-642EED7ABB91}
	EndGlobalSection
EndGlobal
