
Microsoft Visual Studio Solution File, Format Version 12.00
# Visual Studio Version 17
VisualStudioVersion = 17.5.002.0
MinimumVisualStudioVersion = 10.0.40219.1
Project("{9A19103F-16F7-4668-BE54-9A1E7A4F7556}") = "FinalProject", "FinalProject\FinalProject.csproj", "{400CB609-7ACE-4467-92BC-27DE35227887}"
EndProject
Project("{9A19103F-16F7-4668-BE54-9A1E7A4F7556}") = "Foundation1", "Foundation1\Foundation1.csproj", "{F08279FC-1805-4C77-A962-F0CE9354E9E3}"
EndProject
Project("{9A19103F-16F7-4668-BE54-9A1E7A4F7556}") = "Foundation2", "Foundation2\Foundation2.csproj", "{66C26B71-7CAD-4556-A495-7C48E552120B}"
EndProject
Project("{9A19103F-16F7-4668-BE54-9A1E7A4F7556}") = "Foundation3", "Foundation3\Foundation3.csproj", "{DBE1BE9E-930A-4708-B842-2A5D1FA2393D}"
EndProject
Project("{9A19103F-16F7-4668-BE54-9A1E7A4F7556}") = "Foundation4", "Foundation4\Foundation4.csproj", "{94EF3938-6729-4578-80C2-B27C6145207D}"
EndProject
Global
	GlobalSection(SolutionConfigurationPlatforms) = preSolution
		Debug|Any CPU = Debug|Any CPU
		Release|Any CPU = Release|Any CPU
	EndGlobalSection
	GlobalSection(ProjectConfigurationPlatforms) = postSolution
		{400CB609-7ACE-4467-92BC-27DE35227887}.Debug|Any CPU.ActiveCfg = Debug|Any CPU
		{400CB609-7ACE-4467-92BC-27DE35227887}.Debug|Any CPU.Build.0 = Debug|Any CPU
		{400CB609-7ACE-4467-92BC-27DE35227887}.Release|Any CPU.ActiveCfg = Release|Any CPU
		{400CB609-7ACE-4467-92BC-27DE35227887}.Release|Any CPU.Build.0 = Release|Any CPU
		{F08279FC-1805-4C77-A962-F0CE9354E9E3}.Debug|Any CPU.ActiveCfg = Debug|Any CPU
		{F08279FC-1805-4C77-A962-F0CE9354E9E3}.Debug|Any CPU.Build.0 = Debug|Any CPU
		{F08279FC-1805-4C77-A962-F0CE9354E9E3}.Release|Any CPU.ActiveCfg = Release|Any CPU
		{F08279FC-1805-4C77-A962-F0CE9354E9E3}.Release|Any CPU.Build.0 = Release|Any CPU
		{66C26B71-7CAD-4556-A495-7C48E552120B}.Debug|Any CPU.ActiveCfg = Debug|Any CPU
		{66C26B71-7CAD-4556-A495-7C48E552120B}.Debug|Any CPU.Build.0 = Debug|Any CPU
		{66C26B71-7CAD-4556-A495-7C48E552120B}.Release|Any CPU.ActiveCfg = Release|Any CPU
		{66C26B71-7CAD-4556-A495-7C48E552120B}.Release|Any CPU.Build.0 = Release|Any CPU
		{DBE1BE9E-930A-4708-B842-2A5D1FA2393D}.Debug|Any CPU.ActiveCfg = Debug|Any CPU
		{DBE1BE9E-930A-4708-B842-2A5D1FA2393D}.Debug|Any CPU.Build.0 = Debug|Any CPU
		{DBE1BE9E-930A-4708-B842-2A5D1FA2393D}.Release|Any CPU.ActiveCfg = Release|Any CPU
		{DBE1BE9E-930A-4708-B842-2A5D1FA2393D}.Release|Any CPU.Build.0 = Release|Any CPU
		{94EF3938-6729-4578-80C2-B27C6145207D}.Debug|Any CPU.ActiveCfg = Debug|Any CPU
		{94EF3938-6729-4578-80C2-B27C6145207D}.Debug|Any CPU.Build.0 = Debug|Any CPU
		{94EF3938-6729-4578-80C2-B27C6145207D}.Release|Any CPU.ActiveCfg = Release|Any CPU
		{94EF3938-6729-4578-80C2-B27C6145207D}.Release|Any CPU.Build.0 = Release|Any CPU
	EndGlobalSection
	GlobalSection(SolutionProperties) = preSolution
		HideSolutionNode = FALSE
	EndGlobalSection
	GlobalSection(ExtensibilityGlobals) = postSolution
		SolutionGuid = {B7F0A749-5204-4724-A4E8-A9C14D212800}
	EndGlobalSection
EndGlobal
